
Microsoft Visual Studio Solution File, Format Version 12.00
# Visual Studio Version 17
VisualStudioVersion = 17.9.34701.34
MinimumVisualStudioVersion = 10.0.40219.1
Project("{8BC9CEB8-8B4A-11D0-8D11-00A0C91BC942}") = "Lab12IntroToTextFiles", "Lab12IntroToTextFiles.vcxproj", "{A3132FA1-7CDB-463C-A8F0-3FA74CDA27AA}"
EndProject
Global
	GlobalSection(SolutionConfigurationPlatforms) = preSolution
		Debug|x64 = Debug|x64
		Debug|x86 = Debug|x86
		Release|x64 = Release|x64
		Release|x86 = Release|x86
	EndGlobalSection
	GlobalSection(ProjectConfigurationPlatforms) = postSolution
		{A3132FA1-7CDB-463C-A8F0-3FA74CDA27AA}.Debug|x64.ActiveCfg = Debug|x64
		{A3132FA1-7CDB-463C-A8F0-3FA74CDA27AA}.Debug|x64.Build.0 = Debug|x64
		{A3132FA1-7CDB-463C-A8F0-3FA74CDA27AA}.Debug|x86.ActiveCfg = Debug|Win32
		{A3132FA1-7CDB-463C-A8F0-3FA74CDA27AA}.Debug|x86.Build.0 = Debug|Win32
		{A3132FA1-7CDB-463C-A8F0-3FA74CDA27AA}.Release|x64.ActiveCfg = Release|x64
		{A3132FA1-7CDB-463C-A8F0-3FA74CDA27AA}.Release|x64.Build.0 = Release|x64
		{A3132FA1-7CDB-463C-A8F0-3FA74CDA27AA}.Release|x86.ActiveCfg = Release|Win32
		{A3132FA1-7CDB-463C-A8F0-3FA74CDA27AA}.Release|x86.Build.0 = Release|Win32
	EndGlobalSection
	GlobalSection(SolutionProperties) = preSolution
		HideSolutionNode = FALSE
	EndGlobalSection
	GlobalSection(ExtensibilityGlobals) = postSolution
		SolutionGuid = {8281FD6F-D37F-4B30-98EC-9F5D07B699EC}
	EndGlobalSection
EndGlobal
